Microsoft Visual Studio Solution File, Format Version 8.00
Project("{8BC9CEB8-8B4A-11D0-8D11-00A0C91BC942}") = "libwvutils", "libwvutils\libwvutils.vcproj", "{14E0E229-BD80-481D-B59D-40512DB4BE90}"
	ProjectSection(ProjectDependencies) = postProject
	EndProjectSection
EndProject
Project("{8BC9CEB8-8B4A-11D0-8D11-00A0C91BC942}") = "libwvstreams", "libwvstreams\libwvstreams.vcproj", "{417DFBB1-F315-4903-9D63-8054A069A9D2}"
	ProjectSection(ProjectDependencies) = postProject
		{14E0E229-BD80-481D-B59D-40512DB4BE90} = {14E0E229-BD80-481D-B59D-40512DB4BE90}
	EndProjectSection
EndProject
Project("{8BC9CEB8-8B4A-11D0-8D11-00A0C91BC942}") = "libuniconf", "libuniconf\libuniconf.vcproj", "{411CE682-0606-4EAB-8C85-B1B44E2F72F7}"
	ProjectSection(ProjectDependencies) = postProject
		{417DFBB1-F315-4903-9D63-8054A069A9D2} = {417DFBB1-F315-4903-9D63-8054A069A9D2}
	EndProjectSection
EndProject
Project("{8BC9CEB8-8B4A-11D0-8D11-00A0C91BC942}") = "uniconfd", "uniconfd\uniconfd.vcproj", "{3C1D8BEA-9F4A-43B2-94D5-AADED8FB0689}"
	ProjectSection(ProjectDependencies) = postProject
		{14E0E229-BD80-481D-B59D-40512DB4BE90} = {14E0E229-BD80-481D-B59D-40512DB4BE90}
		{411CE682-0606-4EAB-8C85-B1B44E2F72F7} = {411CE682-0606-4EAB-8C85-B1B44E2F72F7}
		{417DFBB1-F315-4903-9D63-8054A069A9D2} = {417DFBB1-F315-4903-9D63-8054A069A9D2}
	EndProjectSection
EndProject
Project("{8BC9CEB8-8B4A-11D0-8D11-00A0C91BC942}") = "uni", "uni\uni.vcproj", "{BE44DF7F-0E6B-4ACC-B703-184A0795D603}"
	ProjectSection(ProjectDependencies) = postProject
		{14E0E229-BD80-481D-B59D-40512DB4BE90} = {14E0E229-BD80-481D-B59D-40512DB4BE90}
		{411CE682-0606-4EAB-8C85-B1B44E2F72F7} = {411CE682-0606-4EAB-8C85-B1B44E2F72F7}
		{417DFBB1-F315-4903-9D63-8054A069A9D2} = {417DFBB1-F315-4903-9D63-8054A069A9D2}
	EndProjectSection
EndProject
Project("{8BC9CEB8-8B4A-11D0-8D11-00A0C91BC942}") = "wvtest", "wvtest\wvtest.vcproj", "{88567BD5-767C-490C-A3FF-A4B27BEBE958}"
	ProjectSection(ProjectDependencies) = postProject
		{14E0E229-BD80-481D-B59D-40512DB4BE90} = {14E0E229-BD80-481D-B59D-40512DB4BE90}
		{411CE682-0606-4EAB-8C85-B1B44E2F72F7} = {411CE682-0606-4EAB-8C85-B1B44E2F72F7}
		{5AABC791-DD08-482F-820C-DF8CF7BFCE8B} = {5AABC791-DD08-482F-820C-DF8CF7BFCE8B}
		{417DFBB1-F315-4903-9D63-8054A069A9D2} = {417DFBB1-F315-4903-9D63-8054A069A9D2}
	EndProjectSection
EndProject
Project("{8BC9CEB8-8B4A-11D0-8D11-00A0C91BC942}") = "libwvtest", "libwvtest\libwvtest.vcproj", "{5AABC791-DD08-482F-820C-DF8CF7BFCE8B}"
	ProjectSection(ProjectDependencies) = postProject
	EndProjectSection
EndProject
Global
	GlobalSection(SolutionConfiguration) = preSolution
		Debug = Debug
		Release = Release
	EndGlobalSection
	GlobalSection(ProjectConfiguration) = postSolution
		{14E0E229-BD80-481D-B59D-40512DB4BE90}.Debug.ActiveCfg = Debug|Win32
		{14E0E229-BD80-481D-B59D-40512DB4BE90}.Debug.Build.0 = Debug|Win32
		{14E0E229-BD80-481D-B59D-40512DB4BE90}.Release.ActiveCfg = Release|Win32
		{14E0E229-BD80-481D-B59D-40512DB4BE90}.Release.Build.0 = Release|Win32
		{417DFBB1-F315-4903-9D63-8054A069A9D2}.Debug.ActiveCfg = Debug|Win32
		{417DFBB1-F315-4903-9D63-8054A069A9D2}.Debug.Build.0 = Debug|Win32
		{417DFBB1-F315-4903-9D63-8054A069A9D2}.Release.ActiveCfg = Release|Win32
		{417DFBB1-F315-4903-9D63-8054A069A9D2}.Release.Build.0 = Release|Win32
		{411CE682-0606-4EAB-8C85-B1B44E2F72F7}.Debug.ActiveCfg = Debug|Win32
		{411CE682-0606-4EAB-8C85-B1B44E2F72F7}.Debug.Build.0 = Debug|Win32
		{411CE682-0606-4EAB-8C85-B1B44E2F72F7}.Release.ActiveCfg = Release|Win32
		{411CE682-0606-4EAB-8C85-B1B44E2F72F7}.Release.Build.0 = Release|Win32
		{3C1D8BEA-9F4A-43B2-94D5-AADED8FB0689}.Debug.ActiveCfg = Debug|Win32
		{3C1D8BEA-9F4A-43B2-94D5-AADED8FB0689}.Debug.Build.0 = Debug|Win32
		{3C1D8BEA-9F4A-43B2-94D5-AADED8FB0689}.Release.ActiveCfg = Release|Win32
		{3C1D8BEA-9F4A-43B2-94D5-AADED8FB0689}.Release.Build.0 = Release|Win32
		{BE44DF7F-0E6B-4ACC-B703-184A0795D603}.Debug.ActiveCfg = Debug|Win32
		{BE44DF7F-0E6B-4ACC-B703-184A0795D603}.Debug.Build.0 = Debug|Win32
		{BE44DF7F-0E6B-4ACC-B703-184A0795D603}.Release.ActiveCfg = Release|Win32
		{BE44DF7F-0E6B-4ACC-B703-184A0795D603}.Release.Build.0 = Release|Win32
		{88567BD5-767C-490C-A3FF-A4B27BEBE958}.Debug.ActiveCfg = Debug|Win32
		{88567BD5-767C-490C-A3FF-A4B27BEBE958}.Debug.Build.0 = Debug|Win32
		{88567BD5-767C-490C-A3FF-A4B27BEBE958}.Release.ActiveCfg = Release|Win32
		{88567BD5-767C-490C-A3FF-A4B27BEBE958}.Release.Build.0 = Release|Win32
		{5AABC791-DD08-482F-820C-DF8CF7BFCE8B}.Debug.ActiveCfg = Debug|Win32
		{5AABC791-DD08-482F-820C-DF8CF7BFCE8B}.Debug.Build.0 = Debug|Win32
		{5AABC791-DD08-482F-820C-DF8CF7BFCE8B}.Release.ActiveCfg = Release|Win32
		{5AABC791-DD08-482F-820C-DF8CF7BFCE8B}.Release.Build.0 = Release|Win32
	EndGlobalSection
	GlobalSection(ExtensibilityGlobals) = postSolution
	EndGlobalSection
	GlobalSection(ExtensibilityAddIns) = postSolution
	EndGlobalSection
EndGlobal
